
Microsoft Visual Studio Solution File, Format Version 12.00
# Visual Studio Version 17
VisualStudioVersion = 17.3.32804.467
MinimumVisualStudioVersion = 10.0.40219.1
Project("{9A19103F-16F7-4668-BE54-9A1E7A4F7556}") = "ExtraRandom", "src\ExtraRandom\ExtraRandom.csproj", "{A69F2B8C-2D4C-44B2-8D59-E49A351B3A9B}"
EndProject
Project("{9A19103F-16F7-4668-BE54-9A1E7A4F7556}") = "ExtraRandom.UnitTests", "test\ExtraRandom.UnitTests\ExtraRandom.UnitTests.csproj", "{42EF202E-0E75-46A9-87CC-25F9A559F93F}"
EndProject
Project("{2150E333-8FDC-42A3-9474-1A3956D46DE8}") = "Solution Items", "Solution Items", "{EB24338A-8CD7-467A-86A2-3A0F6D39DFB3}"
	ProjectSection(SolutionItems) = preProject
		.editorconfig = .editorconfig
	EndProjectSection
EndProject
Project("{FAE04EC0-301F-11D3-BF4B-00C04F79EFBC}") = "ExtraRandom.Benchmark", "test\ExtraRandom.Benchmark\ExtraRandom.Benchmark.csproj", "{C47BA03E-577E-4145-8AC7-89EA371DED16}"
EndProject
Project("{FAE04EC0-301F-11D3-BF4B-00C04F79EFBC}") = "ExtraRandom.PerformanceTests", "test\ExtraRandom.PerformanceTests\ExtraRandom.PerformanceTests.csproj", "{2E116DEC-7B88-4B87-849C-B88CB9A33E1C}"
EndProject
Project("{FAE04EC0-301F-11D3-BF4B-00C04F79EFBC}") = "ExtraRandom.TestHelper", "test\ExtraRandom.TestHelper\ExtraRandom.TestHelper.csproj", "{AA5998E6-019A-4804-999D-5F2A665FB453}"
EndProject
Project("{2150E333-8FDC-42A3-9474-1A3956D46DE8}") = "test", "test", "{4C31E3F9-D556-401B-8AC1-3CB9F7E2A854}"
EndProject
Project("{2150E333-8FDC-42A3-9474-1A3956D46DE8}") = "src", "src", "{3ED5505A-FAE1-40A5-AA5D-C37BB9D3DC85}"
EndProject
Project("{FAE04EC0-301F-11D3-BF4B-00C04F79EFBC}") = "ExtraShuffle", "src\ExtraShuffle\ExtraShuffle.csproj", "{B55F7AB5-C378-4A28-ACFB-004FADC40DD7}"
EndProject
Project("{FAE04EC0-301F-11D3-BF4B-00C04F79EFBC}") = "ExtraShuffle.UnitTests", "test\ExtraShuffle.UnitTests\ExtraShuffle.UnitTests.csproj", "{DD3E72FC-C39F-47AF-A6CA-0367DAD17E7D}"
EndProject
Project("{FAE04EC0-301F-11D3-BF4B-00C04F79EFBC}") = "ExtraShuffle.TestHelper", "test\ExtraShuffle.TestHelper\ExtraShuffle.TestHelper.csproj", "{80E78E47-0A92-41E6-8C12-26C14DE3D7CD}"
EndProject
Project("{FAE04EC0-301F-11D3-BF4B-00C04F79EFBC}") = "ExtraShuffle.Benchmark", "test\ExtraShuffle.Benchmark\ExtraShuffle.Benchmark.csproj", "{A894EAB8-F1A5-4D1B-B7AD-83843B6FE445}"
EndProject
Project("{FAE04EC0-301F-11D3-BF4B-00C04F79EFBC}") = "ExtraShuffle.PerformanceTests", "test\ExtraShuffle.PerformanceTests\ExtraShuffle.PerformanceTests.csproj", "{79A46C10-21D9-4E3A-BBDF-FB1F2214609D}"
EndProject
Project("{FAE04EC0-301F-11D3-BF4B-00C04F79EFBC}") = "ExtraSort", "src\ExtraSort\ExtraSort.csproj", "{31F19873-02A9-4B1D-A436-78DFF89A0ABC}"
EndProject
Project("{FAE04EC0-301F-11D3-BF4B-00C04F79EFBC}") = "ExtraSort.UnitTests", "test\ExtraSort.UnitTests\ExtraSort.UnitTests.csproj", "{69F6CF65-F5F2-4CEF-89A7-B154FC165019}"
EndProject
Project("{FAE04EC0-301F-11D3-BF4B-00C04F79EFBC}") = "ExtraUtil", "src\ExtraUtil\ExtraUtil.csproj", "{CCACF5AB-8E6D-400B-A0EF-0B4E685C809E}"
EndProject
Project("{2150E333-8FDC-42A3-9474-1A3956D46DE8}") = "helpers", "helpers", "{39C37ECA-8638-4168-85B0-3D213665D8B4}"
EndProject
Project("{2150E333-8FDC-42A3-9474-1A3956D46DE8}") = "benchmark", "benchmark", "{988DE3DA-9C89-496C-804A-183807ACAEC1}"
EndProject
Project("{2150E333-8FDC-42A3-9474-1A3956D46DE8}") = "performance", "performance", "{EB00CE9A-BCBA-4924-96D7-52D210CB7ACC}"
EndProject
Project("{FAE04EC0-301F-11D3-BF4B-00C04F79EFBC}") = "ExtraSort.TestHelper", "test\ExtraSort.TestHelper\ExtraSort.TestHelper.csproj", "{EEEE67A2-D1C3-4F28-8ED6-718B35D2FA5F}"
EndProject
Global
	GlobalSection(SolutionConfigurationPlatforms) = preSolution
		Debug|Any CPU = Debug|Any CPU
		Release|Any CPU = Release|Any CPU
	EndGlobalSection
	GlobalSection(ProjectConfigurationPlatforms) = postSolution
		{A69F2B8C-2D4C-44B2-8D59-E49A351B3A9B}.Debug|Any CPU.ActiveCfg = Debug|Any CPU
		{A69F2B8C-2D4C-44B2-8D59-E49A351B3A9B}.Debug|Any CPU.Build.0 = Debug|Any CPU
		{A69F2B8C-2D4C-44B2-8D59-E49A351B3A9B}.Release|Any CPU.ActiveCfg = Release|Any CPU
		{A69F2B8C-2D4C-44B2-8D59-E49A351B3A9B}.Release|Any CPU.Build.0 = Release|Any CPU
		{42EF202E-0E75-46A9-87CC-25F9A559F93F}.Debug|Any CPU.ActiveCfg = Debug|Any CPU
		{42EF202E-0E75-46A9-87CC-25F9A559F93F}.Debug|Any CPU.Build.0 = Debug|Any CPU
		{42EF202E-0E75-46A9-87CC-25F9A559F93F}.Release|Any CPU.ActiveCfg = Release|Any CPU
		{42EF202E-0E75-46A9-87CC-25F9A559F93F}.Release|Any CPU.Build.0 = Release|Any CPU
		{C47BA03E-577E-4145-8AC7-89EA371DED16}.Debug|Any CPU.ActiveCfg = Debug|Any CPU
		{C47BA03E-577E-4145-8AC7-89EA371DED16}.Debug|Any CPU.Build.0 = Debug|Any CPU
		{C47BA03E-577E-4145-8AC7-89EA371DED16}.Release|Any CPU.ActiveCfg = Release|Any CPU
		{C47BA03E-577E-4145-8AC7-89EA371DED16}.Release|Any CPU.Build.0 = Release|Any CPU
		{2E116DEC-7B88-4B87-849C-B88CB9A33E1C}.Debug|Any CPU.ActiveCfg = Debug|Any CPU
		{2E116DEC-7B88-4B87-849C-B88CB9A33E1C}.Debug|Any CPU.Build.0 = Debug|Any CPU
		{2E116DEC-7B88-4B87-849C-B88CB9A33E1C}.Release|Any CPU.ActiveCfg = Release|Any CPU
		{2E116DEC-7B88-4B87-849C-B88CB9A33E1C}.Release|Any CPU.Build.0 = Release|Any CPU
		{AA5998E6-019A-4804-999D-5F2A665FB453}.Debug|Any CPU.ActiveCfg = Debug|Any CPU
		{AA5998E6-019A-4804-999D-5F2A665FB453}.Debug|Any CPU.Build.0 = Debug|Any CPU
		{AA5998E6-019A-4804-999D-5F2A665FB453}.Release|Any CPU.ActiveCfg = Release|Any CPU
		{AA5998E6-019A-4804-999D-5F2A665FB453}.Release|Any CPU.Build.0 = Release|Any CPU
		{B55F7AB5-C378-4A28-ACFB-004FADC40DD7}.Debug|Any CPU.ActiveCfg = Debug|Any CPU
		{B55F7AB5-C378-4A28-ACFB-004FADC40DD7}.Debug|Any CPU.Build.0 = Debug|Any CPU
		{B55F7AB5-C378-4A28-ACFB-004FADC40DD7}.Release|Any CPU.ActiveCfg = Release|Any CPU
		{B55F7AB5-C378-4A28-ACFB-004FADC40DD7}.Release|Any CPU.Build.0 = Release|Any CPU
		{DD3E72FC-C39F-47AF-A6CA-0367DAD17E7D}.Debug|Any CPU.ActiveCfg = Debug|Any CPU
		{DD3E72FC-C39F-47AF-A6CA-0367DAD17E7D}.Debug|Any CPU.Build.0 = Debug|Any CPU
		{DD3E72FC-C39F-47AF-A6CA-0367DAD17E7D}.Release|Any CPU.ActiveCfg = Release|Any CPU
		{DD3E72FC-C39F-47AF-A6CA-0367DAD17E7D}.Release|Any CPU.Build.0 = Release|Any CPU
		{80E78E47-0A92-41E6-8C12-26C14DE3D7CD}.Debug|Any CPU.ActiveCfg = Debug|Any CPU
		{80E78E47-0A92-41E6-8C12-26C14DE3D7CD}.Debug|Any CPU.Build.0 = Debug|Any CPU
		{80E78E47-0A92-41E6-8C12-26C14DE3D7CD}.Release|Any CPU.ActiveCfg = Release|Any CPU
		{80E78E47-0A92-41E6-8C12-26C14DE3D7CD}.Release|Any CPU.Build.0 = Release|Any CPU
		{A894EAB8-F1A5-4D1B-B7AD-83843B6FE445}.Debug|Any CPU.ActiveCfg = Debug|Any CPU
		{A894EAB8-F1A5-4D1B-B7AD-83843B6FE445}.Debug|Any CPU.Build.0 = Debug|Any CPU
		{A894EAB8-F1A5-4D1B-B7AD-83843B6FE445}.Release|Any CPU.ActiveCfg = Release|Any CPU
		{A894EAB8-F1A5-4D1B-B7AD-83843B6FE445}.Release|Any CPU.Build.0 = Release|Any CPU
		{79A46C10-21D9-4E3A-BBDF-FB1F2214609D}.Debug|Any CPU.ActiveCfg = Debug|Any CPU
		{79A46C10-21D9-4E3A-BBDF-FB1F2214609D}.Debug|Any CPU.Build.0 = Debug|Any CPU
		{79A46C10-21D9-4E3A-BBDF-FB1F2214609D}.Release|Any CPU.ActiveCfg = Release|Any CPU
		{79A46C10-21D9-4E3A-BBDF-FB1F2214609D}.Release|Any CPU.Build.0 = Release|Any CPU
		{31F19873-02A9-4B1D-A436-78DFF89A0ABC}.Debug|Any CPU.ActiveCfg = Debug|Any CPU
		{31F19873-02A9-4B1D-A436-78DFF89A0ABC}.Debug|Any CPU.Build.0 = Debug|Any CPU
		{31F19873-02A9-4B1D-A436-78DFF89A0ABC}.Release|Any CPU.ActiveCfg = Release|Any CPU
		{31F19873-02A9-4B1D-A436-78DFF89A0ABC}.Release|Any CPU.Build.0 = Release|Any CPU
		{69F6CF65-F5F2-4CEF-89A7-B154FC165019}.Debug|Any CPU.ActiveCfg = Debug|Any CPU
		{69F6CF65-F5F2-4CEF-89A7-B154FC165019}.Debug|Any CPU.Build.0 = Debug|Any CPU
		{69F6CF65-F5F2-4CEF-89A7-B154FC165019}.Release|Any CPU.ActiveCfg = Release|Any CPU
		{69F6CF65-F5F2-4CEF-89A7-B154FC165019}.Release|Any CPU.Build.0 = Release|Any CPU
		{CCACF5AB-8E6D-400B-A0EF-0B4E685C809E}.Debug|Any CPU.ActiveCfg = Debug|Any CPU
		{CCACF5AB-8E6D-400B-A0EF-0B4E685C809E}.Debug|Any CPU.Build.0 = Debug|Any CPU
		{CCACF5AB-8E6D-400B-A0EF-0B4E685C809E}.Release|Any CPU.ActiveCfg = Release|Any CPU
		{CCACF5AB-8E6D-400B-A0EF-0B4E685C809E}.Release|Any CPU.Build.0 = Release|Any CPU
		{EEEE67A2-D1C3-4F28-8ED6-718B35D2FA5F}.Debug|Any CPU.ActiveCfg = Debug|Any CPU
		{EEEE67A2-D1C3-4F28-8ED6-718B35D2FA5F}.Debug|Any CPU.Build.0 = Debug|Any CPU
		{EEEE67A2-D1C3-4F28-8ED6-718B35D2FA5F}.Release|Any CPU.ActiveCfg = Release|Any CPU
		{EEEE67A2-D1C3-4F28-8ED6-718B35D2FA5F}.Release|Any CPU.Build.0 = Release|Any CPU
	EndGlobalSection
	GlobalSection(SolutionProperties) = preSolution
		HideSolutionNode = FALSE
	EndGlobalSection
	GlobalSection(ExtensibilityGlobals) = postSolution
		SolutionGuid = {74A7CAA7-F67F-41CD-8237-A7E85B128EC5}
	EndGlobalSection
	GlobalSection(NestedProjects) = preSolution
		{42EF202E-0E75-46A9-87CC-25F9A559F93F} = {4C31E3F9-D556-401B-8AC1-3CB9F7E2A854}
		{A69F2B8C-2D4C-44B2-8D59-E49A351B3A9B} = {3ED5505A-FAE1-40A5-AA5D-C37BB9D3DC85}
		{B55F7AB5-C378-4A28-ACFB-004FADC40DD7} = {3ED5505A-FAE1-40A5-AA5D-C37BB9D3DC85}
		{DD3E72FC-C39F-47AF-A6CA-0367DAD17E7D} = {4C31E3F9-D556-401B-8AC1-3CB9F7E2A854}
		{31F19873-02A9-4B1D-A436-78DFF89A0ABC} = {3ED5505A-FAE1-40A5-AA5D-C37BB9D3DC85}
		{69F6CF65-F5F2-4CEF-89A7-B154FC165019} = {4C31E3F9-D556-401B-8AC1-3CB9F7E2A854}
		{CCACF5AB-8E6D-400B-A0EF-0B4E685C809E} = {3ED5505A-FAE1-40A5-AA5D-C37BB9D3DC85}
		{39C37ECA-8638-4168-85B0-3D213665D8B4} = {4C31E3F9-D556-401B-8AC1-3CB9F7E2A854}
		{AA5998E6-019A-4804-999D-5F2A665FB453} = {39C37ECA-8638-4168-85B0-3D213665D8B4}
		{80E78E47-0A92-41E6-8C12-26C14DE3D7CD} = {39C37ECA-8638-4168-85B0-3D213665D8B4}
		{988DE3DA-9C89-496C-804A-183807ACAEC1} = {4C31E3F9-D556-401B-8AC1-3CB9F7E2A854}
		{C47BA03E-577E-4145-8AC7-89EA371DED16} = {988DE3DA-9C89-496C-804A-183807ACAEC1}
		{A894EAB8-F1A5-4D1B-B7AD-83843B6FE445} = {988DE3DA-9C89-496C-804A-183807ACAEC1}
		{EB00CE9A-BCBA-4924-96D7-52D210CB7ACC} = {4C31E3F9-D556-401B-8AC1-3CB9F7E2A854}
		{2E116DEC-7B88-4B87-849C-B88CB9A33E1C} = {EB00CE9A-BCBA-4924-96D7-52D210CB7ACC}
		{79A46C10-21D9-4E3A-BBDF-FB1F2214609D} = {EB00CE9A-BCBA-4924-96D7-52D210CB7ACC}
		{EEEE67A2-D1C3-4F28-8ED6-718B35D2FA5F} = {39C37ECA-8638-4168-85B0-3D213665D8B4}
	EndGlobalSection
EndGlobal
